lockfileVersion: '9.0'

settings:
  autoInstallPeers: true
  excludeLinksFromLockfile: false

importers:

  .:
    devDependencies:
      '@types/node':
        specifier: ^24.0.10
        version: 24.13.3
      typescript:
        specifier: ~5.9.2
        version: 5.9.3

  packages/create-module:
    dependencies:
      '@modula/module-sdk':
        specifier: file:../module-sdk
        version: link:../module-sdk
      '@modula/module-testing':
        specifier: file:../module-testing
        version: link:../module-testing
      '@modula/module-validator':
        specifier: file:../module-validator
        version: link:../module-validator

  packages/module-fixtures:
    dependencies:
      '@modula/module-standard':
        specifier: file:../module-standard
        version: link:../module-standard

  packages/module-sdk:
    dependencies:
      '@modula/module-standard':
        specifier: file:../module-standard
        version: link:../module-standard
      '@modula/module-validator':
        specifier: file:../module-validator
        version: link:../module-validator

  packages/module-standard: {}

  packages/module-testing:
    dependencies:
      '@modula/module-standard':
        specifier: file:../module-standard
        version: link:../module-standard
      '@modula/module-validator':
        specifier: file:../module-validator
        version: link:../module-validator

  packages/module-validator:
    dependencies:
      '@modula/module-standard':
        specifier: file:../module-standard
        version: link:../module-standard

packages:

  '@types/node@24.13.3':
    resolution: {integrity: sha512-Dh8vAsV36ig5wa9OX4pXvMc9D3Veibfw2wix0CUwYODLD8nkj9UsLjASr49nPg+2eKzxhBV+v7L8pXvT4e639Q==}

  typescript@5.9.3:
    resolution: {integrity: sha512-jl1vZzPDinLr9eUt3J/t7V6FgNEw9QjvBPdysz9KfQDD41fQrC2Y4vKQdiaUpFT4bXlb1RHhLpp8wtm6M5TgSw==}
    engines: {node: '>=14.17'}
    hasBin: true

  undici-types@7.18.2:
    resolution: {integrity: sha512-AsuCzffGHJybSaRrmr5eHr81mwJU3kjw6M+uprWvCXiNeN9SOGwQ3Jn8jb8m3Z6izVgknn1R0FTCEAP2QrLY/w==}

snapshots:

  '@types/node@24.13.3':
    dependencies:
      undici-types: 7.18.2

  typescript@5.9.3: {}

  undici-types@7.18.2: {}
